
Microsoft Visual Studio Solution File, Format Version 12.00
# Visual Studio Version 16
VisualStudioVersion = 16.0.31515.178
MinimumVisualStudioVersion = 10.0.40219.1
Project("{FAE04EC0-301F-11D3-BF4B-00C04F79EFBC}") = "motoStore", "motoStore.csproj", "{47EDFF6A-4778-4949-B90A-489852AECAF3}"
EndProject
Global
	GlobalSection(SolutionConfigurationPlatforms) = preSolution
		Debug|Any CPU = Debug|Any CPU
		Release|Any CPU = Release|Any CPU
	EndGlobalSection
	GlobalSection(ProjectConfigurationPlatforms) = postSolution
		{47EDFF6A-4778-4949-B90A-489852AECAF3}.Debug|Any CPU.ActiveCfg = Debug|Any CPU
		{47EDFF6A-4778-4949-B90A-489852AECAF3}.Debug|Any CPU.Build.0 = Debug|Any CPU
		{47EDFF6A-4778-4949-B90A-489852AECAF3}.Release|Any CPU.ActiveCfg = Release|Any CPU
		{47EDFF6A-4778-4949-B90A-489852AECAF3}.Release|Any CPU.Build.0 = Release|Any CPU
	EndGlobalSection
	GlobalSection(SolutionProperties) = preSolution
		HideSolutionNode = FALSE
	EndGlobalSection
	GlobalSection(ExtensibilityGlobals) = postSolution
		SolutionGuid = {F7C4DED4-AA16-404E-8F46-79748BB0D1A4}
	EndGlobalSection
EndGlobal
